// !$*UTF8*$!
{
	archiveVersion = 1;
	classes = {
	};
	objectVersion = 50;
	objects = {

/* Begin PBXBuildFile section */
		BF56A1AF253D4A3000D7E957 /* CarParts.swift in Sources */ = {isa = PBXBuildFile; fileRef = BF56A1AE253D4A3000D7E957 /* CarParts.swift */; };
		BF56A1B3253D4A9D00D7E957 /* Order.swift in Sources */ = {isa = PBXBuildFile; fileRef = BF56A1B2253D4A9D00D7E957 /* Order.swift */; };
		BF56A1B7253D4C9500D7E957 /* CompositeMain.swift in Sources */ = {isa = PBXBuildFile; fileRef = BF56A1B6253D4C9500D7E957 /* CompositeMain.swift */; };
		BF56A1BB253D4D5A00D7E957 /* CompositeTests.swift in Sources */ = {isa = PBXBuildFile; fileRef = BF56A1BA253D4D5A00D7E957 /* CompositeTests.swift */; };
		BF5E20D225296BD90026AEDF /* AppDelegate.swift in Sources */ = {isa = PBXBuildFile; fileRef = BF5E20D125296BD90026AEDF /* AppDelegate.swift */; };
		BF5E20D425296BD90026AEDF /* ViewController.swift in Sources */ = {isa = PBXBuildFile; fileRef = BF5E20D325296BD90026AEDF /* ViewController.swift */; };
		BF5E20D625296BDA0026AEDF /* Assets.xcassets in Resources */ = {isa = PBXBuildFile; fileRef = BF5E20D525296BDA0026AEDF /* Assets.xcassets */; };
		BF5E20D925296BDA0026AEDF /* Main.storyboard in Resources */ = {isa = PBXBuildFile; fileRef = BF5E20D725296BDA0026AEDF /* Main.storyboard */; };
		BF5E20E525296BDA0026AEDF /* SwiftDesignPatternsTests.swift in Sources */ = {isa = PBXBuildFile; fileRef = BF5E20E425296BDA0026AEDF /* SwiftDesignPatternsTests.swift */; };
		BF5E213A25296F910026AEDF /* Iterator.swift in Sources */ = {isa = PBXBuildFile; fileRef = BF5E213925296F910026AEDF /* Iterator.swift */; };
		BF5E214225296F9B0026AEDF /* IteratorTest.swift in Sources */ = {isa = PBXBuildFile; fileRef = BF5E214125296F9B0026AEDF /* IteratorTest.swift */; };
		BF5E214A252970930026AEDF /* Adapter.swift in Sources */ = {isa = PBXBuildFile; fileRef = BF5E2149252970930026AEDF /* Adapter.swift */; };
		BF5E2150252972230026AEDF /* Employees.swift in Sources */ = {isa = PBXBuildFile; fileRef = BF5E214F252972230026AEDF /* Employees.swift */; };
		BF5E215B252972A10026AEDF /* DataSources.swift in Sources */ = {isa = PBXBuildFile; fileRef = BF5E215A252972A10026AEDF /* DataSources.swift */; };
		BF5E21602529753A0026AEDF /* EmployeeSearch.swift in Sources */ = {isa = PBXBuildFile; fileRef = BF5E215F2529753A0026AEDF /* EmployeeSearch.swift */; };
		BF5E2165252977530026AEDF /* AdapterMain.swift in Sources */ = {isa = PBXBuildFile; fileRef = BF5E2164252977530026AEDF /* AdapterMain.swift */; };
		BF5E216D2529785F0026AEDF /* AdapterTests.swift in Sources */ = {isa = PBXBuildFile; fileRef = BF5E216C2529785F0026AEDF /* AdapterTests.swift */; };
		BF5E2176252979DA0026AEDF /* NewCo.swift in Sources */ = {isa = PBXBuildFile; fileRef = BF5E2175252979DA0026AEDF /* NewCo.swift */; };
		BF5E217F2529892A0026AEDF /* Doners.swift in Sources */ = {isa = PBXBuildFile; fileRef = BF5E217E2529892A0026AEDF /* Doners.swift */; };
		BF5E218325298CA50026AEDF /* TemplateMethodMain.swift in Sources */ = {isa = PBXBuildFile; fileRef = BF5E218225298CA50026AEDF /* TemplateMethodMain.swift */; };
		BF5E218925298E8F0026AEDF /* TemplateMethodTests.swift in Sources */ = {isa = PBXBuildFile; fileRef = BF5E218825298E8F0026AEDF /* TemplateMethodTests.swift */; };
		BF5E21922529B6F90026AEDF /* Builder.swift in Sources */ = {isa = PBXBuildFile; fileRef = BF5E21912529B6F90026AEDF /* Builder.swift */; };
		BF5E21962529B75D0026AEDF /* Food.swift in Sources */ = {isa = PBXBuildFile; fileRef = BF5E21952529B75D0026AEDF /* Food.swift */; };
		BF5E219A2529B9A80026AEDF /* MainBuilder.swift in Sources */ = {isa = PBXBuildFile; fileRef = BF5E21992529B9A80026AEDF /* MainBuilder.swift */; };
		BF5E219E2529BA170026AEDF /* BuilderTests.swift in Sources */ = {isa = PBXBuildFile; fileRef = BF5E219D2529BA170026AEDF /* BuilderTests.swift */; };
		BF5E21A7252AC5060026AEDF /* RentalCar.swift in Sources */ = {isa = PBXBuildFile; fileRef = BF5E21A6252AC5060026AEDF /* RentalCar.swift */; };
		BF5E21AB252AC74C0026AEDF /* CarSelecter.swift in Sources */ = {isa = PBXBuildFile; fileRef = BF5E21AA252AC74C0026AEDF /* CarSelecter.swift */; };
		BF5E21B2252ACF290026AEDF /* Logger.swift in Sources */ = {isa = PBXBuildFile; fileRef = BF5E21B1252ACF290026AEDF /* Logger.swift */; };
		BF5E21B6252AD0540026AEDF /* Backup.swift in Sources */ = {isa = PBXBuildFile; fileRef = BF5E21B5252AD0530026AEDF /* Backup.swift */; };
		BF5E21BA252AD15E0026AEDF /* MainSingleton.swift in Sources */ = {isa = PBXBuildFile; fileRef = BF5E21B9252AD15E0026AEDF /* MainSingleton.swift */; };
		BF5E21BE252AD2810026AEDF /* SingletonTests.swift in Sources */ = {isa = PBXBuildFile; fileRef = BF5E21BD252AD2810026AEDF /* SingletonTests.swift */; };
/* End PBXBuildFile section */

/* Begin PBXContainerItemProxy section */
		BF5E20E125296BDA0026AEDF /* PBXContainerItemProxy */ = {
			isa = PBXContainerItemProxy;
			containerPortal = BF5E20C625296BD80026AEDF /* Project object */;
			proxyType = 1;
			remoteGlobalIDString = BF5E20CD25296BD80026AEDF;
			remoteInfo = SwiftDesignPatterns;
		};
/* End PBXContainerItemProxy section */

/* Begin PBXFileReference section */
		BF56A1AE253D4A3000D7E957 /* CarParts.swift */ = {isa = PBXFileReference; lastKnownFileType = sourcecode.swift; path = CarParts.swift; sourceTree = "<group>"; };
		BF56A1B2253D4A9D00D7E957 /* Order.swift */ = {isa = PBXFileReference; lastKnownFileType = sourcecode.swift; path = Order.swift; sourceTree = "<group>"; };
		BF56A1B6253D4C9500D7E957 /* CompositeMain.swift */ = {isa = PBXFileReference; lastKnownFileType = sourcecode.swift; path = CompositeMain.swift; sourceTree = "<group>"; };
		BF56A1BA253D4D5A00D7E957 /* CompositeTests.swift */ = {isa = PBXFileReference; lastKnownFileType = sourcecode.swift; path = CompositeTests.swift; sourceTree = "<group>"; };
		BF56A1BE253D51D500D7E957 /* README.md */ = {isa = PBXFileReference; lastKnownFileType = net.daringfireball.markdown; path = README.md; sourceTree = "<group>"; };
		BF5E20CE25296BD80026AEDF /* SwiftDesignPatterns.app */ = {isa = PBXFileReference; explicitFileType = wrapper.application; includeInIndex = 0; path = SwiftDesignPatterns.app; sourceTree = BUILT_PRODUCTS_DIR; };
		BF5E20D125296BD90026AEDF /* AppDelegate.swift */ = {isa = PBXFileReference; lastKnownFileType = sourcecode.swift; path = AppDelegate.swift; sourceTree = "<group>"; };
		BF5E20D325296BD90026AEDF /* ViewController.swift */ = {isa = PBXFileReference; lastKnownFileType = sourcecode.swift; path = ViewController.swift; sourceTree = "<group>"; };
		BF5E20D525296BDA0026AEDF /* Assets.xcassets */ = {isa = PBXFileReference; lastKnownFileType = folder.assetcatalog; path = Assets.xcassets; sourceTree = "<group>"; };
		BF5E20D825296BDA0026AEDF /* Base */ = {isa = PBXFileReference; lastKnownFileType = file.storyboard; name = Base; path = Base.lproj/Main.storyboard; sourceTree = "<group>"; };
		BF5E20DA25296BDA0026AEDF /* Info.plist */ = {isa = PBXFileReference; lastKnownFileType = text.plist.xml; path = Info.plist; sourceTree = "<group>"; };
		BF5E20DB25296BDA0026AEDF /* SwiftDesignPatterns.entitlements */ = {isa = PBXFileReference; lastKnownFileType = text.plist.entitlements; path = SwiftDesignPatterns.entitlements; sourceTree = "<group>"; };
		BF5E20E025296BDA0026AEDF /* SwiftDesignPatternsTests.xctest */ = {isa = PBXFileReference; explicitFileType = wrapper.cfbundle; includeInIndex = 0; path = SwiftDesignPatternsTests.xctest; sourceTree = BUILT_PRODUCTS_DIR; };
		BF5E20E425296BDA0026AEDF /* SwiftDesignPatternsTests.swift */ = {isa = PBXFileReference; lastKnownFileType = sourcecode.swift; path = SwiftDesignPatternsTests.swift; sourceTree = "<group>"; };
		BF5E20E625296BDA0026AEDF /* Info.plist */ = {isa = PBXFileReference; lastKnownFileType = text.plist.xml; path = Info.plist; sourceTree = "<group>"; };
		BF5E213925296F910026AEDF /* Iterator.swift */ = {isa = PBXFileReference; lastKnownFileType = sourcecode.swift; path = Iterator.swift; sourceTree = "<group>"; };
		BF5E214125296F9B0026AEDF /* IteratorTest.swift */ = {isa = PBXFileReference; lastKnownFileType = sourcecode.swift; path = IteratorTest.swift; sourceTree = "<group>"; };
		BF5E2149252970930026AEDF /* Adapter.swift */ = {isa = PBXFileReference; lastKnownFileType = sourcecode.swift; path = Adapter.swift; sourceTree = "<group>"; };
		BF5E214E252971000026AEDF /* README.md */ = {isa = PBXFileReference; lastKnownFileType = net.daringfireball.markdown; path = README.md; sourceTree = "<group>"; };
		BF5E214F252972230026AEDF /* Employees.swift */ = {isa = PBXFileReference; lastKnownFileType = sourcecode.swift; path = Employees.swift; sourceTree = "<group>"; };
		BF5E215A252972A10026AEDF /* DataSources.swift */ = {isa = PBXFileReference; lastKnownFileType = sourcecode.swift; path = DataSources.swift; sourceTree = "<group>"; };
		BF5E215F2529753A0026AEDF /* EmployeeSearch.swift */ = {isa = PBXFileReference; lastKnownFileType = sourcecode.swift; path = EmployeeSearch.swift; sourceTree = "<group>"; };
		BF5E2164252977530026AEDF /* AdapterMain.swift */ = {isa = PBXFileReference; lastKnownFileType = sourcecode.swift; path = AdapterMain.swift; sourceTree = "<group>"; };
		BF5E216C2529785F0026AEDF /* AdapterTests.swift */ = {isa = PBXFileReference; lastKnownFileType = sourcecode.swift; path = AdapterTests.swift; sourceTree = "<group>"; };
		BF5E2175252979DA0026AEDF /* NewCo.swift */ = {isa = PBXFileReference; lastKnownFileType = sourcecode.swift; path = NewCo.swift; sourceTree = "<group>"; };
		BF5E217E2529892A0026AEDF /* Doners.swift */ = {isa = PBXFileReference; lastKnownFileType = sourcecode.swift; path = Doners.swift; sourceTree = "<group>"; };
		BF5E218225298CA50026AEDF /* TemplateMethodMain.swift */ = {isa = PBXFileReference; lastKnownFileType = sourcecode.swift; path = TemplateMethodMain.swift; sourceTree = "<group>"; };
		BF5E218825298E8F0026AEDF /* TemplateMethodTests.swift */ = {isa = PBXFileReference; lastKnownFileType = sourcecode.swift; path = TemplateMethodTests.swift; sourceTree = "<group>"; };
		BF5E218C25298F910026AEDF /* README.md */ = {isa = PBXFileReference; lastKnownFileType = net.daringfireball.markdown; path = README.md; sourceTree = "<group>"; };
		BF5E21912529B6F90026AEDF /* Builder.swift */ = {isa = PBXFileReference; lastKnownFileType = sourcecode.swift; path = Builder.swift; sourceTree = "<group>"; };
		BF5E21952529B75D0026AEDF /* Food.swift */ = {isa = PBXFileReference; lastKnownFileType = sourcecode.swift; path = Food.swift; sourceTree = "<group>"; };
		BF5E21992529B9A80026AEDF /* MainBuilder.swift */ = {isa = PBXFileReference; lastKnownFileType = sourcecode.swift; path = MainBuilder.swift; sourceTree = "<group>"; };
		BF5E219D2529BA170026AEDF /* BuilderTests.swift */ = {isa = PBXFileReference; lastKnownFileType = sourcecode.swift; path = BuilderTests.swift; sourceTree = "<group>"; };
		BF5E21A12529BAF40026AEDF /* README.md */ = {isa = PBXFileReference; lastKnownFileType = net.daringfireball.markdown; path = README.md; sourceTree = "<group>"; };
		BF5E21A6252AC5060026AEDF /* RentalCar.swift */ = {isa = PBXFileReference; lastKnownFileType = sourcecode.swift; path = RentalCar.swift; sourceTree = "<group>"; };
		BF5E21AA252AC74C0026AEDF /* CarSelecter.swift */ = {isa = PBXFileReference; lastKnownFileType = sourcecode.swift; path = CarSelecter.swift; sourceTree = "<group>"; };
		BF5E21AE252AC9430026AEDF /* README.md */ = {isa = PBXFileReference; lastKnownFileType = net.daringfireball.markdown; path = README.md; sourceTree = "<group>"; };
		BF5E21B1252ACF290026AEDF /* Logger.swift */ = {isa = PBXFileReference; lastKnownFileType = sourcecode.swift; path = Logger.swift; sourceTree = "<group>"; };
		BF5E21B5252AD0530026AEDF /* Backup.swift */ = {isa = PBXFileReference; lastKnownFileType = sourcecode.swift; path = Backup.swift; sourceTree = "<group>"; };
		BF5E21B9252AD15E0026AEDF /* MainSingleton.swift */ = {isa = PBXFileReference; lastKnownFileType = sourcecode.swift; path = MainSingleton.swift; sourceTree = "<group>"; };
		BF5E21BD252AD2810026AEDF /* SingletonTests.swift */ = {isa = PBXFileReference; lastKnownFileType = sourcecode.swift; path = SingletonTests.swift; sourceTree = "<group>"; };
		BF5E21C1252AD3220026AEDF /* README.md */ = {isa = PBXFileReference; lastKnownFileType = net.daringfireball.markdown; path = README.md; sourceTree = "<group>"; };
/* End PBXFileReference section */

/* Begin PBXFrameworksBuildPhase section */
		BF5E20CB25296BD80026AEDF /* Frameworks */ = {
			isa = PBXFrameworksBuildPhase;
			buildActionMask = 2147483647;
			files = (
			);
			runOnlyForDeploymentPostprocessing = 0;
		};
		BF5E20DD25296BDA0026AEDF /* Frameworks */ = {
			isa = PBXFrameworksBuildPhase;
			buildActionMask = 2147483647;
			files = (
			);
			runOnlyForDeploymentPostprocessing = 0;
		};
/* End PBXFrameworksBuildPhase section */

/* Begin PBXGroup section */
		BF5E20C525296BD80026AEDF = {
			isa = PBXGroup;
			children = (
				BF5E20D025296BD90026AEDF /* SwiftDesignPatterns */,
				BF5E20E325296BDA0026AEDF /* SwiftDesignPatternsTests */,
				BF5E20CF25296BD80026AEDF /* Products */,
			);
			sourceTree = "<group>";
		};
		BF5E20CF25296BD80026AEDF /* Products */ = {
			isa = PBXGroup;
			children = (
				BF5E20CE25296BD80026AEDF /* SwiftDesignPatterns.app */,
				BF5E20E025296BDA0026AEDF /* SwiftDesignPatternsTests.xctest */,
			);
			name = Products;
			sourceTree = "<group>";
		};
		BF5E20D025296BD90026AEDF /* SwiftDesignPatterns */ = {
			isa = PBXGroup;
			children = (
				BF5E210625296D190026AEDF /* Abstract Factory */,
				BF5E210425296D030026AEDF /* Adapter */,
				BF5E210C25296D1B0026AEDF /* Bridge */,
				BF5E210B25296D1B0026AEDF /* Builder */,
				BF5E211125296DA20026AEDF /* Chain of Responsibility */,
				BF5E210E25296DA00026AEDF /* Command */,
				BF5E210525296D180026AEDF /* Composite */,
				BF5E210F25296DA10026AEDF /* Decorator */,
				BF5E211225296DA20026AEDF /* Facade */,
				BF5E210825296D1A0026AEDF /* Factory Method */,
				BF5E211825296DA40026AEDF /* Flyweight */,
				BF5E211A25296E4D0026AEDF /* Interpreter */,
				BF5E210325296CE40026AEDF /* Iterator */,
				BF5E211425296DA30026AEDF /* Mediator */,
				BF5E211625296DA30026AEDF /* Memento */,
				BF5E211525296DA30026AEDF /* Observer */,
				BF5E210A25296D1A0026AEDF /* Prototype */,
				BF5E211925296DA40026AEDF /* Proxy */,
				BF5E210925296D1A0026AEDF /* Singleton */,
				BF5E211725296DA30026AEDF /* State */,
				BF5E210D25296D880026AEDF /* Strategy */,
				BF5E210725296D1A0026AEDF /* Template Method */,
				BF5E211025296DA10026AEDF /* Visitor */,
				BF5E210025296BEC0026AEDF /* NoUse */,
				BF5E210225296C290026AEDF /* Extentions */,
				BF5E20DA25296BDA0026AEDF /* Info.plist */,
				BF5E20DB25296BDA0026AEDF /* SwiftDesignPatterns.entitlements */,
			);
			path = SwiftDesignPatterns;
			sourceTree = "<group>";
		};
		BF5E20E325296BDA0026AEDF /* SwiftDesignPatternsTests */ = {
			isa = PBXGroup;
			children = (
				BF5E213025296EC60026AEDF /* Abstract Factory */,
				BF5E212C25296EC60026AEDF /* Adapter */,
				BF5E212A25296EC60026AEDF /* Bridge */,
				BF5E213525296EC60026AEDF /* Builder */,
				BF5E212D25296EC60026AEDF /* Chain of Responsibility */,
				BF5E212325296EC60026AEDF /* Command */,
				BF5E213625296EC60026AEDF /* Composite */,
				BF5E213425296EC60026AEDF /* Decorator */,
				BF5E213725296EC70026AEDF /* Facade */,
				BF5E213125296EC60026AEDF /* Factory Method */,
				BF5E212925296EC60026AEDF /* Flyweight */,
				BF5E212625296EC60026AEDF /* Interpreter */,
				BF5E212B25296EC60026AEDF /* Iterator */,
				BF5E213325296EC60026AEDF /* Mediator */,
				BF5E212725296EC60026AEDF /* Memento */,
				BF5E212125296EC60026AEDF /* Observer */,
				BF5E212F25296EC60026AEDF /* Prototype */,
				BF5E212525296EC60026AEDF /* Proxy */,
				BF5E212825296EC60026AEDF /* Singleton */,
				BF5E212425296EC60026AEDF /* State */,
				BF5E212225296EC60026AEDF /* Strategy */,
				BF5E213225296EC60026AEDF /* Template Method */,
				BF5E212E25296EC60026AEDF /* Visitor */,
				BF5E20E425296BDA0026AEDF /* SwiftDesignPatternsTests.swift */,
				BF5E20E625296BDA0026AEDF /* Info.plist */,
			);
			path = SwiftDesignPatternsTests;
			sourceTree = "<group>";
		};
		BF5E210025296BEC0026AEDF /* NoUse */ = {
			isa = PBXGroup;
			children = (
				BF5E20D125296BD90026AEDF /* AppDelegate.swift */,
				BF5E20D325296BD90026AEDF /* ViewController.swift */,
				BF5E20D525296BDA0026AEDF /* Assets.xcassets */,
				BF5E20D725296BDA0026AEDF /* Main.storyboard */,
			);
			path = NoUse;
			sourceTree = "<group>";
		};
		BF5E210225296C290026AEDF /* Extentions */ = {
			isa = PBXGroup;
			children = (
			);
			path = Extentions;
			sourceTree = "<group>";
		};
		BF5E210325296CE40026AEDF /* Iterator */ = {
			isa = PBXGroup;
			children = (
				BF5E213925296F910026AEDF /* Iterator.swift */,
			);
			path = Iterator;
			sourceTree = "<group>";
		};
		BF5E210425296D030026AEDF /* Adapter */ = {
			isa = PBXGroup;
			children = (
				BF5E214E252971000026AEDF /* README.md */,
				BF5E2149252970930026AEDF /* Adapter.swift */,
				BF5E214F252972230026AEDF /* Employees.swift */,
				BF5E215A252972A10026AEDF /* DataSources.swift */,
				BF5E215F2529753A0026AEDF /* EmployeeSearch.swift */,
				BF5E2164252977530026AEDF /* AdapterMain.swift */,
				BF5E2175252979DA0026AEDF /* NewCo.swift */,
			);
			path = Adapter;
			sourceTree = "<group>";
		};
		BF5E210525296D180026AEDF /* Composite */ = {
			isa = PBXGroup;
			children = (
				BF56A1BE253D51D500D7E957 /* README.md */,
				BF56A1AE253D4A3000D7E957 /* CarParts.swift */,
				BF56A1B2253D4A9D00D7E957 /* Order.swift */,
				BF56A1B6253D4C9500D7E957 /* CompositeMain.swift */,
			);
			path = Composite;
			sourceTree = "<group>";
		};
		BF5E210625296D190026AEDF /* Abstract Factory */ = {
			isa = PBXGroup;
			children = (
			);
			path = "Abstract Factory";
			sourceTree = "<group>";
		};
		BF5E210725296D1A0026AEDF /* Template Method */ = {
			isa = PBXGroup;
			children = (
				BF5E217E2529892A0026AEDF /* Doners.swift */,
				BF5E218225298CA50026AEDF /* TemplateMethodMain.swift */,
				BF5E218C25298F910026AEDF /* README.md */,
			);
			path = "Template Method";
			sourceTree = "<group>";
		};
		BF5E210825296D1A0026AEDF /* Factory Method */ = {
			isa = PBXGroup;
			children = (
				BF5E21A6252AC5060026AEDF /* RentalCar.swift */,
				BF5E21AA252AC74C0026AEDF /* CarSelecter.swift */,
				BF5E21AE252AC9430026AEDF /* README.md */,
			);
			path = "Factory Method";
			sourceTree = "<group>";
		};
		BF5E210925296D1A0026AEDF /* Singleton */ = {
			isa = PBXGroup;
			children = (
				BF5E21B1252ACF290026AEDF /* Logger.swift */,
				BF5E21B5252AD0530026AEDF /* Backup.swift */,
				BF5E21B9252AD15E0026AEDF /* MainSingleton.swift */,
				BF5E21C1252AD3220026AEDF /* README.md */,
			);
			path = Singleton;
			sourceTree = "<group>";
		};
		BF5E210A25296D1A0026AEDF /* Prototype */ = {
			isa = PBXGroup;
			children = (
			);
			path = Prototype;
			sourceTree = "<group>";
		};
		BF5E210B25296D1B0026AEDF /* Builder */ = {
			isa = PBXGroup;
			children = (
				BF5E21912529B6F90026AEDF /* Builder.swift */,
				BF5E21952529B75D0026AEDF /* Food.swift */,
				BF5E21992529B9A80026AEDF /* MainBuilder.swift */,
				BF5E21A12529BAF40026AEDF /* README.md */,
			);
			path = Builder;
			sourceTree = "<group>";
		};
		BF5E210C25296D1B0026AEDF /* Bridge */ = {
			isa = PBXGroup;
			children = (
			);
			path = Bridge;
			sourceTree = "<group>";
		};
		BF5E210D25296D880026AEDF /* Strategy */ = {
			isa = PBXGroup;
			children = (
			);
			path = Strategy;
			sourceTree = "<group>";
		};
		BF5E210E25296DA00026AEDF /* Command */ = {
			isa = PBXGroup;
			children = (
			);
			path = Command;
			sourceTree = "<group>";
		};
		BF5E210F25296DA10026AEDF /* Decorator */ = {
			isa = PBXGroup;
			children = (
			);
			path = Decorator;
			sourceTree = "<group>";
		};
		BF5E211025296DA10026AEDF /* Visitor */ = {
			isa = PBXGroup;
			children = (
			);
			path = Visitor;
			sourceTree = "<group>";
		};
		BF5E211125296DA20026AEDF /* Chain of Responsibility */ = {
			isa = PBXGroup;
			children = (
			);
			path = "Chain of Responsibility";
			sourceTree = "<group>";
		};
		BF5E211225296DA20026AEDF /* Facade */ = {
			isa = PBXGroup;
			children = (
			);
			path = Facade;
			sourceTree = "<group>";
		};
		BF5E211425296DA30026AEDF /* Mediator */ = {
			isa = PBXGroup;
			children = (
			);
			path = Mediator;
			sourceTree = "<group>";
		};
		BF5E211525296DA30026AEDF /* Observer */ = {
			isa = PBXGroup;
			children = (
			);
			path = Observer;
			sourceTree = "<group>";
		};
		BF5E211625296DA30026AEDF /* Memento */ = {
			isa = PBXGroup;
			children = (
			);
			path = Memento;
			sourceTree = "<group>";
		};
		BF5E211725296DA30026AEDF /* State */ = {
			isa = PBXGroup;
			children = (
			);
			path = State;
			sourceTree = "<group>";
		};
		BF5E211825296DA40026AEDF /* Flyweight */ = {
			isa = PBXGroup;
			children = (
			);
			path = Flyweight;
			sourceTree = "<group>";
		};
		BF5E211925296DA40026AEDF /* Proxy */ = {
			isa = PBXGroup;
			children = (
			);
			path = Proxy;
			sourceTree = "<group>";
		};
		BF5E211A25296E4D0026AEDF /* Interpreter */ = {
			isa = PBXGroup;
			children = (
			);
			path = Interpreter;
			sourceTree = "<group>";
		};
		BF5E212125296EC60026AEDF /* Observer */ = {
			isa = PBXGroup;
			children = (
			);
			name = Observer;
			path = SwiftDesignPatterns/Observer;
			sourceTree = SOURCE_ROOT;
		};
		BF5E212225296EC60026AEDF /* Strategy */ = {
			isa = PBXGroup;
			children = (
			);
			name = Strategy;
			path = SwiftDesignPatterns/Strategy;
			sourceTree = SOURCE_ROOT;
		};
		BF5E212325296EC60026AEDF /* Command */ = {
			isa = PBXGroup;
			children = (
			);
			name = Command;
			path = SwiftDesignPatterns/Command;
			sourceTree = SOURCE_ROOT;
		};
		BF5E212425296EC60026AEDF /* State */ = {
			isa = PBXGroup;
			children = (
			);
			name = State;
			path = SwiftDesignPatterns/State;
			sourceTree = SOURCE_ROOT;
		};
		BF5E212525296EC60026AEDF /* Proxy */ = {
			isa = PBXGroup;
			children = (
			);
			name = Proxy;
			path = SwiftDesignPatterns/Proxy;
			sourceTree = SOURCE_ROOT;
		};
		BF5E212625296EC60026AEDF /* Interpreter */ = {
			isa = PBXGroup;
			children = (
			);
			name = Interpreter;
			path = SwiftDesignPatterns/Interpreter;
			sourceTree = SOURCE_ROOT;
		};
		BF5E212725296EC60026AEDF /* Memento */ = {
			isa = PBXGroup;
			children = (
			);
			name = Memento;
			path = SwiftDesignPatterns/Memento;
			sourceTree = SOURCE_ROOT;
		};
		BF5E212825296EC60026AEDF /* Singleton */ = {
			isa = PBXGroup;
			children = (
				BF5E21BD252AD2810026AEDF /* SingletonTests.swift */,
			);
			name = Singleton;
			path = SwiftDesignPatterns/Singleton;
			sourceTree = SOURCE_ROOT;
		};
		BF5E212925296EC60026AEDF /* Flyweight */ = {
			isa = PBXGroup;
			children = (
			);
			name = Flyweight;
			path = SwiftDesignPatterns/Flyweight;
			sourceTree = SOURCE_ROOT;
		};
		BF5E212A25296EC60026AEDF /* Bridge */ = {
			isa = PBXGroup;
			children = (
			);
			name = Bridge;
			path = SwiftDesignPatterns/Bridge;
			sourceTree = SOURCE_ROOT;
		};
		BF5E212B25296EC60026AEDF /* Iterator */ = {
			isa = PBXGroup;
			children = (
				BF5E214125296F9B0026AEDF /* IteratorTest.swift */,
			);
			name = Iterator;
			path = SwiftDesignPatterns/Iterator;
			sourceTree = SOURCE_ROOT;
		};
		BF5E212C25296EC60026AEDF /* Adapter */ = {
			isa = PBXGroup;
			children = (
				BF5E216C2529785F0026AEDF /* AdapterTests.swift */,
			);
			name = Adapter;
			path = SwiftDesignPatterns/Adapter;
			sourceTree = SOURCE_ROOT;
		};
		BF5E212D25296EC60026AEDF /* Chain of Responsibility */ = {
			isa = PBXGroup;
			children = (
			);
			name = "Chain of Responsibility";
			path = "SwiftDesignPatterns/Chain of Responsibility";
			sourceTree = SOURCE_ROOT;
		};
		BF5E212E25296EC60026AEDF /* Visitor */ = {
			isa = PBXGroup;
			children = (
			);
			name = Visitor;
			path = SwiftDesignPatterns/Visitor;
			sourceTree = SOURCE_ROOT;
		};
		BF5E212F25296EC60026AEDF /* Prototype */ = {
			isa = PBXGroup;
			children = (
			);
			name = Prototype;
			path = SwiftDesignPatterns/Prototype;
			sourceTree = SOURCE_ROOT;
		};
		BF5E213025296EC60026AEDF /* Abstract Factory */ = {
			isa = PBXGroup;
			children = (
			);
			name = "Abstract Factory";
			path = "SwiftDesignPatterns/Abstract Factory";
			sourceTree = SOURCE_ROOT;
		};
		BF5E213125296EC60026AEDF /* Factory Method */ = {
			isa = PBXGroup;
			children = (
			);
			name = "Factory Method";
			path = "SwiftDesignPatterns/Factory Method";
			sourceTree = SOURCE_ROOT;
		};
		BF5E213225296EC60026AEDF /* Template Method */ = {
			isa = PBXGroup;
			children = (
				BF5E218825298E8F0026AEDF /* TemplateMethodTests.swift */,
			);
			name = "Template Method";
			path = "SwiftDesignPatterns/Template Method";
			sourceTree = SOURCE_ROOT;
		};
		BF5E213325296EC60026AEDF /* Mediator */ = {
			isa = PBXGroup;
			children = (
			);
			name = Mediator;
			path = SwiftDesignPatterns/Mediator;
			sourceTree = SOURCE_ROOT;
		};
		BF5E213425296EC60026AEDF /* Decorator */ = {
			isa = PBXGroup;
			children = (
			);
			name = Decorator;
			path = SwiftDesignPatterns/Decorator;
			sourceTree = SOURCE_ROOT;
		};
		BF5E213525296EC60026AEDF /* Builder */ = {
			isa = PBXGroup;
			children = (
				BF5E219D2529BA170026AEDF /* BuilderTests.swift */,
			);
			name = Builder;
			path = SwiftDesignPatterns/Builder;
			sourceTree = SOURCE_ROOT;
		};
		BF5E213625296EC60026AEDF /* Composite */ = {
			isa = PBXGroup;
			children = (
				BF56A1BA253D4D5A00D7E957 /* CompositeTests.swift */,
			);
			name = Composite;
			path = SwiftDesignPatterns/Composite;
			sourceTree = SOURCE_ROOT;
		};
		BF5E213725296EC70026AEDF /* Facade */ = {
			isa = PBXGroup;
			children = (
				BF5E213825296EC70026AEDF /* n */,
			);
			name = Facade;
			path = SwiftDesignPatterns/Facade;
			sourceTree = SOURCE_ROOT;
		};
		BF5E213825296EC70026AEDF /* n */ = {
			isa = PBXGroup;
			children = (
			);
			path = n;
			sourceTree = "<group>";
		};
/* End PBXGroup section */

/* Begin PBXNativeTarget section */
		BF5E20CD25296BD80026AEDF /* SwiftDesignPatterns */ = {
			isa = PBXNativeTarget;
			buildConfigurationList = BF5E20F425296BDA0026AEDF /* Build configuration list for PBXNativeTarget "SwiftDesignPatterns" */;
			buildPhases = (
				BF5E20CA25296BD80026AEDF /* Sources */,
				BF5E20CB25296BD80026AEDF /* Frameworks */,
				BF5E20CC25296BD80026AEDF /* Resources */,
			);
			buildRules = (
			);
			dependencies = (
			);
			name = SwiftDesignPatterns;
			productName = SwiftDesignPatterns;
			productReference = BF5E20CE25296BD80026AEDF /* SwiftDesignPatterns.app */;
			productType = "com.apple.product-type.application";
		};
		BF5E20DF25296BDA0026AEDF /* SwiftDesignPatternsTests */ = {
			isa = PBXNativeTarget;
			buildConfigurationList = BF5E20F725296BDA0026AEDF /* Build configuration list for PBXNativeTarget "SwiftDesignPatternsTests" */;
			buildPhases = (
				BF5E20DC25296BDA0026AEDF /* Sources */,
				BF5E20DD25296BDA0026AEDF /* Frameworks */,
				BF5E20DE25296BDA0026AEDF /* Resources */,
			);
			buildRules = (
			);
			dependencies = (
				BF5E20E225296BDA0026AEDF /* PBXTargetDependency */,
			);
			name = SwiftDesignPatternsTests;
			productName = SwiftDesignPatternsTests;
			productReference = BF5E20E025296BDA0026AEDF /* SwiftDesignPatternsTests.xctest */;
			productType = "com.apple.product-type.bundle.unit-test";
		};
/* End PBXNativeTarget section */

/* Begin PBXProject section */
		BF5E20C625296BD80026AEDF /* Project object */ = {
			isa = PBXProject;
			attributes = {
				LastSwiftUpdateCheck = 1200;
				LastUpgradeCheck = 1200;
				TargetAttributes = {
					BF5E20CD25296BD80026AEDF = {
						CreatedOnToolsVersion = 12.0;
					};
					BF5E20DF25296BDA0026AEDF = {
						CreatedOnToolsVersion = 12.0;
						TestTargetID = BF5E20CD25296BD80026AEDF;
					};
				};
			};
			buildConfigurationList = BF5E20C925296BD80026AEDF /* Build configuration list for PBXProject "SwiftDesignPatterns" */;
			compatibilityVersion = "Xcode 9.3";
			developmentRegion = en;
			hasScannedForEncodings = 0;
			knownRegions = (
				en,
				Base,
			);
			mainGroup = BF5E20C525296BD80026AEDF;
			productRefGroup = BF5E20CF25296BD80026AEDF /* Products */;
			projectDirPath = "";
			projectRoot = "";
			targets = (
				BF5E20CD25296BD80026AEDF /* SwiftDesignPatterns */,
				BF5E20DF25296BDA0026AEDF /* SwiftDesignPatternsTests */,
			);
		};
/* End PBXProject section */

/* Begin PBXResourcesBuildPhase section */
		BF5E20CC25296BD80026AEDF /* Resources */ = {
			isa = PBXResourcesBuildPhase;
			buildActionMask = 2147483647;
			files = (
				BF5E20D625296BDA0026AEDF /* Assets.xcassets in Resources */,
				BF5E20D925296BDA0026AEDF /* Main.storyboard in Resources */,
			);
			runOnlyForDeploymentPostprocessing = 0;
		};
		BF5E20DE25296BDA0026AEDF /* Resources */ = {
			isa = PBXResourcesBuildPhase;
			buildActionMask = 2147483647;
			files = (
			);
			runOnlyForDeploymentPostprocessing = 0;
		};
/* End PBXResourcesBuildPhase section */

/* Begin PBXSourcesBuildPhase section */
		BF5E20CA25296BD80026AEDF /* Sources */ = {
			isa = PBXSourcesBuildPhase;
			buildActionMask = 2147483647;
			files = (
				BF5E213A25296F910026AEDF /* Iterator.swift in Sources */,
				BF5E214A252970930026AEDF /* Adapter.swift in Sources */,
				BF5E2165252977530026AEDF /* AdapterMain.swift in Sources */,
				BF5E21A7252AC5060026AEDF /* RentalCar.swift in Sources */,
				BF5E2150252972230026AEDF /* Employees.swift in Sources */,
				BF56A1AF253D4A3000D7E957 /* CarParts.swift in Sources */,
				BF56A1B3253D4A9D00D7E957 /* Order.swift in Sources */,
				BF5E218325298CA50026AEDF /* TemplateMethodMain.swift in Sources */,
				BF5E217F2529892A0026AEDF /* Doners.swift in Sources */,
				BF5E21BA252AD15E0026AEDF /* MainSingleton.swift in Sources */,
				BF56A1B7253D4C9500D7E957 /* CompositeMain.swift in Sources */,
				BF5E20D425296BD90026AEDF /* ViewController.swift in Sources */,
				BF5E21B2252ACF290026AEDF /* Logger.swift in Sources */,
				BF5E215B252972A10026AEDF /* DataSources.swift in Sources */,
				BF5E21AB252AC74C0026AEDF /* CarSelecter.swift in Sources */,
				BF5E2176252979DA0026AEDF /* NewCo.swift in Sources */,
				BF5E21962529B75D0026AEDF /* Food.swift in Sources */,
				BF5E219A2529B9A80026AEDF /* MainBuilder.swift in Sources */,
				BF5E21602529753A0026AEDF /* EmployeeSearch.swift in Sources */,
				BF5E21B6252AD0540026AEDF /* Backup.swift in Sources */,
				BF5E20D225296BD90026AEDF /* AppDelegate.swift in Sources */,
				BF5E21922529B6F90026AEDF /* Builder.swift in Sources */,
			);
			runOnlyForDeploymentPostprocessing = 0;
		};
		BF5E20DC25296BDA0026AEDF /* Sources */ = {
			isa = PBXSourcesBuildPhase;
			buildActionMask = 2147483647;
			files = (
				BF56A1BB253D4D5A00D7E957 /* CompositeTests.swift in Sources */,
				BF5E218925298E8F0026AEDF /* TemplateMethodTests.swift in Sources */,
				BF5E21BE252AD2810026AEDF /* SingletonTests.swift in Sources */,
				BF5E216D2529785F0026AEDF /* AdapterTests.swift in Sources */,
				BF5E219E2529BA170026AEDF /* BuilderTests.swift in Sources */,
				BF5E20E525296BDA0026AEDF /* SwiftDesignPatternsTests.swift in Sources */,
				BF5E214225296F9B0026AEDF /* IteratorTest.swift in Sources */,
			);
			runOnlyForDeploymentPostprocessing = 0;
		};
/* End PBXSourcesBuildPhase section */

/* Begin PBXTargetDependency section */
		BF5E20E225296BDA0026AEDF /* PBXTargetDependency */ = {
			isa = PBXTargetDependency;
			target = BF5E20CD25296BD80026AEDF /* SwiftDesignPatterns */;
			targetProxy = BF5E20E125296BDA0026AEDF /* PBXContainerItemProxy */;
		};
/* End PBXTargetDependency section */

/* Begin PBXVariantGroup section */
		BF5E20D725296BDA0026AEDF /* Main.storyboard */ = {
			isa = PBXVariantGroup;
			children = (
				BF5E20D825296BDA0026AEDF /* Base */,
			);
			name = Main.storyboard;
			sourceTree = "<group>";
		};
/* End PBXVariantGroup section */

/* Begin XCBuildConfiguration section */
		BF5E20F225296BDA0026AEDF /* Debug */ = {
			isa = XCBuildConfiguration;
			buildSettings = {
				ALWAYS_SEARCH_USER_PATHS = NO;
				CLANG_ANALYZER_NONNULL = YES;
				CLANG_ANALYZER_NUMBER_OBJECT_CONVERSION = YES_AGGRESSIVE;
				CLANG_CXX_LANGUAGE_STANDARD = "gnu++14";
				CLANG_CXX_LIBRARY = "libc++";
				CLANG_ENABLE_MODULES = YES;
				CLANG_ENABLE_OBJC_ARC = YES;
				CLANG_ENABLE_OBJC_WEAK = YES;
				CLANG_WARN_BLOCK_CAPTURE_AUTORELEASING = YES;
				CLANG_WARN_BOOL_CONVERSION = YES;
				CLANG_WARN_COMMA = YES;
				CLANG_WARN_CONSTANT_CONVERSION = YES;
				CLANG_WARN_DEPRECATED_OBJC_IMPLEMENTATIONS = YES;
				CLANG_WARN_DIRECT_OBJC_ISA_USAGE = YES_ERROR;
				CLANG_WARN_DOCUMENTATION_COMMENTS = YES;
				CLANG_WARN_EMPTY_BODY = YES;
				CLANG_WARN_ENUM_CONVERSION = YES;
				CLANG_WARN_INFINITE_RECURSION = YES;
				CLANG_WARN_INT_CONVERSION = YES;
				CLANG_WARN_NON_LITERAL_NULL_CONVERSION = YES;
				CLANG_WARN_OBJC_IMPLICIT_RETAIN_SELF = YES;
				CLANG_WARN_OBJC_LITERAL_CONVERSION = YES;
				CLANG_WARN_OBJC_ROOT_CLASS = YES_ERROR;
				CLANG_WARN_QUOTED_INCLUDE_IN_FRAMEWORK_HEADER = YES;
				CLANG_WARN_RANGE_LOOP_ANALYSIS = YES;
				CLANG_WARN_STRICT_PROTOTYPES = YES;
				CLANG_WARN_SUSPICIOUS_MOVE = YES;
				CLANG_WARN_UNGUARDED_AVAILABILITY = YES_AGGRESSIVE;
				CLANG_WARN_UNREACHABLE_CODE = YES;
				CLANG_WARN__DUPLICATE_METHOD_MATCH = YES;
				COPY_PHASE_STRIP = NO;
				DEBUG_INFORMATION_FORMAT = dwarf;
				ENABLE_STRICT_OBJC_MSGSEND = YES;
				ENABLE_TESTABILITY = YES;
				GCC_C_LANGUAGE_STANDARD = gnu11;
				GCC_DYNAMIC_NO_PIC = NO;
				GCC_NO_COMMON_BLOCKS = YES;
				GCC_OPTIMIZATION_LEVEL = 0;
				GCC_PREPROCESSOR_DEFINITIONS = (
					"DEBUG=1",
					"$(inherited)",
				);
				GCC_WARN_64_TO_32_BIT_CONVERSION = YES;
				GCC_WARN_ABOUT_RETURN_TYPE = YES_ERROR;
				GCC_WARN_UNDECLARED_SELECTOR = YES;
				GCC_WARN_UNINITIALIZED_AUTOS = YES_AGGRESSIVE;
				GCC_WARN_UNUSED_FUNCTION = YES;
				GCC_WARN_UNUSED_VARIABLE = YES;
				MACOSX_DEPLOYMENT_TARGET = 10.15;
				MTL_ENABLE_DEBUG_INFO = INCLUDE_SOURCE;
				MTL_FAST_MATH = YES;
				ONLY_ACTIVE_ARCH = YES;
				SDKROOT = macosx;
				SWIFT_ACTIVE_COMPILATION_CONDITIONS = DEBUG;
				SWIFT_OPTIMIZATION_LEVEL = "-Onone";
			};
			name = Debug;
		};
		BF5E20F325296BDA0026AEDF /* Release */ = {
			isa = XCBuildConfiguration;
			buildSettings = {
				ALWAYS_SEARCH_USER_PATHS = NO;
				CLANG_ANALYZER_NONNULL = YES;
				CLANG_ANALYZER_NUMBER_OBJECT_CONVERSION = YES_AGGRESSIVE;
				CLANG_CXX_LANGUAGE_STANDARD = "gnu++14";
				CLANG_CXX_LIBRARY = "libc++";
				CLANG_ENABLE_MODULES = YES;
				CLANG_ENABLE_OBJC_ARC = YES;
				CLANG_ENABLE_OBJC_WEAK = YES;
				CLANG_WARN_BLOCK_CAPTURE_AUTORELEASING = YES;
				CLANG_WARN_BOOL_CONVERSION = YES;
				CLANG_WARN_COMMA = YES;
				CLANG_WARN_CONSTANT_CONVERSION = YES;
				CLANG_WARN_DEPRECATED_OBJC_IMPLEMENTATIONS = YES;
				CLANG_WARN_DIRECT_OBJC_ISA_USAGE = YES_ERROR;
				CLANG_WARN_DOCUMENTATION_COMMENTS = YES;
				CLANG_WARN_EMPTY_BODY = YES;
				CLANG_WARN_ENUM_CONVERSION = YES;
				CLANG_WARN_INFINITE_RECURSION = YES;
				CLANG_WARN_INT_CONVERSION = YES;
				CLANG_WARN_NON_LITERAL_NULL_CONVERSION = YES;
				CLANG_WARN_OBJC_IMPLICIT_RETAIN_SELF = YES;
				CLANG_WARN_OBJC_LITERAL_CONVERSION = YES;
				CLANG_WARN_OBJC_ROOT_CLASS = YES_ERROR;
				CLANG_WARN_QUOTED_INCLUDE_IN_FRAMEWORK_HEADER = YES;
				CLANG_WARN_RANGE_LOOP_ANALYSIS = YES;
				CLANG_WARN_STRICT_PROTOTYPES = YES;
				CLANG_WARN_SUSPICIOUS_MOVE = YES;
				CLANG_WARN_UNGUARDED_AVAILABILITY = YES_AGGRESSIVE;
				CLANG_WARN_UNREACHABLE_CODE = YES;
				CLANG_WARN__DUPLICATE_METHOD_MATCH = YES;
				COPY_PHASE_STRIP = NO;
				DEBUG_INFORMATION_FORMAT = "dwarf-with-dsym";
				ENABLE_NS_ASSERTIONS = NO;
				ENABLE_STRICT_OBJC_MSGSEND = YES;
				GCC_C_LANGUAGE_STANDARD = gnu11;
				GCC_NO_COMMON_BLOCKS = YES;
				GCC_WARN_64_TO_32_BIT_CONVERSION = YES;
				GCC_WARN_ABOUT_RETURN_TYPE = YES_ERROR;
				GCC_WARN_UNDECLARED_SELECTOR = YES;
				GCC_WARN_UNINITIALIZED_AUTOS = YES_AGGRESSIVE;
				GCC_WARN_UNUSED_FUNCTION = YES;
				GCC_WARN_UNUSED_VARIABLE = YES;
				MACOSX_DEPLOYMENT_TARGET = 10.15;
				MTL_ENABLE_DEBUG_INFO = NO;
				MTL_FAST_MATH = YES;
				SDKROOT = macosx;
				SWIFT_COMPILATION_MODE = wholemodule;
				SWIFT_OPTIMIZATION_LEVEL = "-O";
			};
			name = Release;
		};
		BF5E20F525296BDA0026AEDF /* Debug */ = {
			isa = XCBuildConfiguration;
			buildSettings = {
				ASSETCATALOG_COMPILER_APPICON_NAME = AppIcon;
				ASSETCATALOG_COMPILER_GLOBAL_ACCENT_COLOR_NAME = AccentColor;
				CODE_SIGN_ENTITLEMENTS = SwiftDesignPatterns/SwiftDesignPatterns.entitlements;
				CODE_SIGN_STYLE = Automatic;
				COMBINE_HIDPI_IMAGES = YES;
				DEVELOPMENT_TEAM = 9R4W53MKG7;
				ENABLE_HARDENED_RUNTIME = YES;
				INFOPLIST_FILE = SwiftDesignPatterns/Info.plist;
				LD_RUNPATH_SEARCH_PATHS = (
					"$(inherited)",
					"@executable_path/../Frameworks",
				);
				PRODUCT_BUNDLE_IDENTIFIER = com.Taped.SwiftDesignPatterns;
				PRODUCT_NAME = "$(TARGET_NAME)";
				SWIFT_VERSION = 5.0;
			};
			name = Debug;
		};
		BF5E20F625296BDA0026AEDF /* Release */ = {
			isa = XCBuildConfiguration;
			buildSettings = {
				ASSETCATALOG_COMPILER_APPICON_NAME = AppIcon;
				ASSETCATALOG_COMPILER_GLOBAL_ACCENT_COLOR_NAME = AccentColor;
				CODE_SIGN_ENTITLEMENTS = SwiftDesignPatterns/SwiftDesignPatterns.entitlements;
				CODE_SIGN_STYLE = Automatic;
				COMBINE_HIDPI_IMAGES = YES;
				DEVELOPMENT_TEAM = 9R4W53MKG7;
				ENABLE_HARDENED_RUNTIME = YES;
				INFOPLIST_FILE = SwiftDesignPatterns/Info.plist;
				LD_RUNPATH_SEARCH_PATHS = (
					"$(inherited)",
					"@executable_path/../Frameworks",
				);
				PRODUCT_BUNDLE_IDENTIFIER = com.Taped.SwiftDesignPatterns;
				PRODUCT_NAME = "$(TARGET_NAME)";
				SWIFT_VERSION = 5.0;
			};
			name = Release;
		};
		BF5E20F825296BDA0026AEDF /* Debug */ = {
			isa = XCBuildConfiguration;
			buildSettings = {
				ALWAYS_EMBED_SWIFT_STANDARD_LIBRARIES = YES;
				BUNDLE_LOADER = "$(TEST_HOST)";
				CODE_SIGN_STYLE = Automatic;
				COMBINE_HIDPI_IMAGES = YES;
				DEVELOPMENT_TEAM = 9R4W53MKG7;
				INFOPLIST_FILE = SwiftDesignPatternsTests/Info.plist;
				LD_RUNPATH_SEARCH_PATHS = (
					"$(inherited)",
					"@executable_path/../Frameworks",
					"@loader_path/../Frameworks",
				);
				MACOSX_DEPLOYMENT_TARGET = 10.15;
				PRODUCT_BUNDLE_IDENTIFIER = com.Taped.SwiftDesignPatternsTests;
				PRODUCT_NAME = "$(TARGET_NAME)";
				SWIFT_VERSION = 5.0;
				TEST_HOST = "$(BUILT_PRODUCTS_DIR)/SwiftDesignPatterns.app/Contents/MacOS/SwiftDesignPatterns";
			};
			name = Debug;
		};
		BF5E20F925296BDA0026AEDF /* Release */ = {
			isa = XCBuildConfiguration;
			buildSettings = {
				ALWAYS_EMBED_SWIFT_STANDARD_LIBRARIES = YES;
				BUNDLE_LOADER = "$(TEST_HOST)";
				CODE_SIGN_STYLE = Automatic;
				COMBINE_HIDPI_IMAGES = YES;
				DEVELOPMENT_TEAM = 9R4W53MKG7;
				INFOPLIST_FILE = SwiftDesignPatternsTests/Info.plist;
				LD_RUNPATH_SEARCH_PATHS = (
					"$(inherited)",
					"@executable_path/../Frameworks",
					"@loader_path/../Frameworks",
				);
				MACOSX_DEPLOYMENT_TARGET = 10.15;
				PRODUCT_BUNDLE_IDENTIFIER = com.Taped.SwiftDesignPatternsTests;
				PRODUCT_NAME = "$(TARGET_NAME)";
				SWIFT_VERSION = 5.0;
				TEST_HOST = "$(BUILT_PRODUCTS_DIR)/SwiftDesignPatterns.app/Contents/MacOS/SwiftDesignPatterns";
			};
			name = Release;
		};
/* End XCBuildConfiguration section */

/* Begin XCConfigurationList section */
		BF5E20C925296BD80026AEDF /* Build configuration list for PBXProject "SwiftDesignPatterns" */ = {
			isa = XCConfigurationList;
			buildConfigurations = (
				BF5E20F225296BDA0026AEDF /* Debug */,
				BF5E20F325296BDA0026AEDF /* Release */,
			);
			defaultConfigurationIsVisible = 0;
			defaultConfigurationName = Release;
		};
		BF5E20F425296BDA0026AEDF /* Build configuration list for PBXNativeTarget "SwiftDesignPatterns" */ = {
			isa = XCConfigurationList;
			buildConfigurations = (
				BF5E20F525296BDA0026AEDF /* Debug */,
				BF5E20F625296BDA0026AEDF /* Release */,
			);
			defaultConfigurationIsVisible = 0;
			defaultConfigurationName = Release;
		};
		BF5E20F725296BDA0026AEDF /* Build configuration list for PBXNativeTarget "SwiftDesignPatternsTests" */ = {
			isa = XCConfigurationList;
			buildConfigurations = (
				BF5E20F825296BDA0026AEDF /* Debug */,
				BF5E20F925296BDA0026AEDF /* Release */,
			);
			defaultConfigurationIsVisible = 0;
			defaultConfigurationName = Release;
		};
/* End XCConfigurationList section */
	};
	rootObject = BF5E20C625296BD80026AEDF /* Project object */;
}
